
Microsoft Visual Studio Solution File, Format Version 12.00
# Visual Studio 15
VisualStudioVersion = 15.0.28307.421
MinimumVisualStudioVersion = 10.0.40219.1
Project("{FAE04EC0-301F-11D3-BF4B-00C04F79EFBC}") = "EmployeeProjectUsingLambda", "EmployeeProjectUsingLambda\EmployeeProjectUsingLambda.csproj", "{ED41DCD4-9A63-40AD-A452-3B6DE664BB5D}"
EndProject
Global
	GlobalSection(SolutionConfigurationPlatforms) = preSolution
		Debug|Any CPU = Debug|Any CPU
		Release|Any CPU = Release|Any CPU
	EndGlobalSection
	GlobalSection(ProjectConfigurationPlatforms) = postSolution
		{ED41DCD4-9A63-40AD-A452-3B6DE664BB5D}.Debug|Any CPU.ActiveCfg = Debug|Any CPU
		{ED41DCD4-9A63-40AD-A452-3B6DE664BB5D}.Debug|Any CPU.Build.0 = Debug|Any CPU
		{ED41DCD4-9A63-40AD-A452-3B6DE664BB5D}.Release|Any CPU.ActiveCfg = Release|Any CPU
		{ED41DCD4-9A63-40AD-A452-3B6DE664BB5D}.Release|Any CPU.Build.0 = Release|Any CPU
	EndGlobalSection
	GlobalSection(SolutionProperties) = preSolution
		HideSolutionNode = FALSE
	EndGlobalSection
	GlobalSection(ExtensibilityGlobals) = postSolution
		SolutionGuid = {324E9E7E-5805-46E6-A00A-ED07A51039F0}
	EndGlobalSection
EndGlobal
